schema: '2.0'
stages:
  data_ingestion:
    cmd: python src/data_ingestion.py
    deps:
    - path: src/data_ingestion.py
      hash: md5
      md5: 523ea6c2797a2720b3697dc6a0faedfe
      size: 3638
    params:
      params.yaml:
        data_ingestion.test_size: 0.4
    outs:
    - path: data/raw
      hash: md5
      md5: dae6e5dd2a6a74278c45ea73027dae3b.dir
      size: 484846
      nfiles: 2
  data_preprocessing:
    cmd: python src/data_preprocessing.py
    deps:
    - path: data/raw
      hash: md5
      md5: dae6e5dd2a6a74278c45ea73027dae3b.dir
      size: 484846
      nfiles: 2
    - path: src/data_preprocessing.py
      hash: md5
      md5: 7b8c99edaa0fef84ae5571e69bce9165
      size: 4010
    outs:
    - path: data/interim
      hash: md5
      md5: 61ee9bdacf6df4589133481f0e449a09.dir
      size: 263911
      nfiles: 2
  feature_engineering:
    cmd: python src/feature_engineering.py
    deps:
    - path: data/interim
      hash: md5
      md5: 61ee9bdacf6df4589133481f0e449a09.dir
      size: 263911
      nfiles: 2
    - path: src/feature_engineering.py
      hash: md5
      md5: ce1889389f165bfd8d9f815336443d80
      size: 3799
    params:
      params.yaml:
        feature_engineering.max_features: 46
    outs:
    - path: data/processed
      hash: md5
      md5: 3e48c19d40ce6f89b52f513be5566517.dir
      size: 1101336
      nfiles: 2
  model_building:
    cmd: python src/model_building.py
    deps:
    - path: data/processed
      hash: md5
      md5: 3e48c19d40ce6f89b52f513be5566517.dir
      size: 1101336
      nfiles: 2
    - path: src/model_building.py
      hash: md5
      md5: 649e217a6534a4f24c5779071dff396f
      size: 4341
    params:
      params.yaml:
        model_building.n_estimators: 27
        model_building.random_state: 2
    outs:
    - path: models/model.pkl
      hash: md5
      md5: f6e7e8dc15d7c784af2914e3a5661240
      size: 874429
  model_evaluation:
    cmd: python src/model_evaluation.py
    deps:
    - path: models/model.pkl
      hash: md5
      md5: f6e7e8dc15d7c784af2914e3a5661240
      size: 874429
    - path: src/model_evaluation.py
      hash: md5
      md5: 332d26b61c3d64d1dd25a9e88335cbdf
      size: 4605
    outs:
    - path: reports/metrics.json
      hash: md5
      md5: 2fe653a20fb179e077d68c11b8409875
      size: 145
